
Microsoft Visual Studio Solution File, Format Version 12.00
# Visual Studio Version 17
VisualStudioVersion = 17.12.35707.178 d17.12
MinimumVisualStudioVersion = 10.0.40219.1
Project("{FAE04EC0-301F-11D3-BF4B-00C04F79EFBC}") = "E_Ticaret_Odevi", "E_Ticaret_Odevi\E_Ticaret_Odevi.csproj", "{B8940A8B-824D-4AD2-8A86-6C4CD9C365C5}"
EndProject
Global
	GlobalSection(SolutionConfigurationPlatforms) = preSolution
		Debug|Any CPU = Debug|Any CPU
		Release|Any CPU = Release|Any CPU
	EndGlobalSection
	GlobalSection(ProjectConfigurationPlatforms) = postSolution
		{B8940A8B-824D-4AD2-8A86-6C4CD9C365C5}.Debug|Any CPU.ActiveCfg = Debug|Any CPU
		{B8940A8B-824D-4AD2-8A86-6C4CD9C365C5}.Debug|Any CPU.Build.0 = Debug|Any CPU
		{B8940A8B-824D-4AD2-8A86-6C4CD9C365C5}.Release|Any CPU.ActiveCfg = Release|Any CPU
		{B8940A8B-824D-4AD2-8A86-6C4CD9C365C5}.Release|Any CPU.Build.0 = Release|Any CPU
	EndGlobalSection
	GlobalSection(SolutionProperties) = preSolution
		HideSolutionNode = FALSE
	EndGlobalSection
EndGlobal
